
Microsoft Visual Studio Solution File, Format Version 12.00
# Visual Studio 14
VisualStudioVersion = 14.0.24720.0
MinimumVisualStudioVersion = 10.0.40219.1
Project("{FAE04EC0-301F-11D3-BF4B-00C04F79EFBC}") = "Dixit_Client", "Dixit_Client\Dixit_Client.csproj", "{9DB775FD-6752-4330-B9D2-4B6C404BFB24}"
	ProjectSection(ProjectDependencies) = postProject
		{1FBB6E84-E9B3-484A-A374-58165CD73279} = {1FBB6E84-E9B3-484A-A374-58165CD73279}
	EndProjectSection
EndProject
Project("{FAE04EC0-301F-11D3-BF4B-00C04F79EFBC}") = "Dixit_Logic", "Dixit_Logic\Dixit_Logic.csproj", "{BD164DD7-6CFE-4B43-B12F-86EE174D75C2}"
EndProject
Project("{FAE04EC0-301F-11D3-BF4B-00C04F79EFBC}") = "Dixit_Data", "Dixit_Data\Dixit_Data.csproj", "{AEFE4B12-E97F-465B-9256-54FB906B97B8}"
EndProject
Project("{FAE04EC0-301F-11D3-BF4B-00C04F79EFBC}") = "Dixit_ServiceLibrary", "Dixit_ServiceLibrary\Dixit_ServiceLibrary.csproj", "{A34BE0E1-5539-431E-8330-D8FB6B543EF6}"
EndProject
Project("{FAE04EC0-301F-11D3-BF4B-00C04F79EFBC}") = "Dixit_Service", "Dixit_Service\Dixit_Service.csproj", "{1FBB6E84-E9B3-484A-A374-58165CD73279}"
EndProject
Project("{FAE04EC0-301F-11D3-BF4B-00C04F79EFBC}") = "Integration_Tests", "Integration_Tests\Integration_Tests.csproj", "{BD94060E-5625-4089-A346-31C72542DE99}"
EndProject
Global
	GlobalSection(SolutionConfigurationPlatforms) = preSolution
		Debug|Any CPU = Debug|Any CPU
		Release|Any CPU = Release|Any CPU
	EndGlobalSection
	GlobalSection(ProjectConfigurationPlatforms) = postSolution
		{9DB775FD-6752-4330-B9D2-4B6C404BFB24}.Debug|Any CPU.ActiveCfg = Debug|Any CPU
		{9DB775FD-6752-4330-B9D2-4B6C404BFB24}.Debug|Any CPU.Build.0 = Debug|Any CPU
		{9DB775FD-6752-4330-B9D2-4B6C404BFB24}.Release|Any CPU.ActiveCfg = Release|Any CPU
		{9DB775FD-6752-4330-B9D2-4B6C404BFB24}.Release|Any CPU.Build.0 = Release|Any CPU
		{BD164DD7-6CFE-4B43-B12F-86EE174D75C2}.Debug|Any CPU.ActiveCfg = Debug|Any CPU
		{BD164DD7-6CFE-4B43-B12F-86EE174D75C2}.Debug|Any CPU.Build.0 = Debug|Any CPU
		{BD164DD7-6CFE-4B43-B12F-86EE174D75C2}.Release|Any CPU.ActiveCfg = Release|Any CPU
		{BD164DD7-6CFE-4B43-B12F-86EE174D75C2}.Release|Any CPU.Build.0 = Release|Any CPU
		{AEFE4B12-E97F-465B-9256-54FB906B97B8}.Debug|Any CPU.ActiveCfg = Debug|Any CPU
		{AEFE4B12-E97F-465B-9256-54FB906B97B8}.Debug|Any CPU.Build.0 = Debug|Any CPU
		{AEFE4B12-E97F-465B-9256-54FB906B97B8}.Release|Any CPU.ActiveCfg = Release|Any CPU
		{AEFE4B12-E97F-465B-9256-54FB906B97B8}.Release|Any CPU.Build.0 = Release|Any CPU
		{A34BE0E1-5539-431E-8330-D8FB6B543EF6}.Debug|Any CPU.ActiveCfg = Debug|Any CPU
		{A34BE0E1-5539-431E-8330-D8FB6B543EF6}.Debug|Any CPU.Build.0 = Debug|Any CPU
		{A34BE0E1-5539-431E-8330-D8FB6B543EF6}.Release|Any CPU.ActiveCfg = Release|Any CPU
		{A34BE0E1-5539-431E-8330-D8FB6B543EF6}.Release|Any CPU.Build.0 = Release|Any CPU
		{1FBB6E84-E9B3-484A-A374-58165CD73279}.Debug|Any CPU.ActiveCfg = Debug|Any CPU
		{1FBB6E84-E9B3-484A-A374-58165CD73279}.Debug|Any CPU.Build.0 = Debug|Any CPU
		{1FBB6E84-E9B3-484A-A374-58165CD73279}.Release|Any CPU.ActiveCfg = Release|Any CPU
		{1FBB6E84-E9B3-484A-A374-58165CD73279}.Release|Any CPU.Build.0 = Release|Any CPU
		{BD94060E-5625-4089-A346-31C72542DE99}.Debug|Any CPU.ActiveCfg = Debug|Any CPU
		{BD94060E-5625-4089-A346-31C72542DE99}.Debug|Any CPU.Build.0 = Debug|Any CPU
		{BD94060E-5625-4089-A346-31C72542DE99}.Release|Any CPU.ActiveCfg = Release|Any CPU
		{BD94060E-5625-4089-A346-31C72542DE99}.Release|Any CPU.Build.0 = Release|Any CPU
	EndGlobalSection
	GlobalSection(SolutionProperties) = preSolution
		HideSolutionNode = FALSE
	EndGlobalSection
EndGlobal
